// !$*UTF8*$!
{
	archiveVersion = 1;
	classes = {
	};
	objectVersion = 50;
	objects = {

/* Begin PBXBuildFile section */
		9A444EA821E23EC10010E5DF /* AppDelegate.swift in Sources */ = {isa = PBXBuildFile; fileRef = 9A444EA721E23EC10010E5DF /* AppDelegate.swift */; };
		9A444EAA21E23EC10010E5DF /* ViewController.swift in Sources */ = {isa = PBXBuildFile; fileRef = 9A444EA921E23EC10010E5DF /* ViewController.swift */; };
		9A444EAD21E23EC10010E5DF /* Main.storyboard in Resources */ = {isa = PBXBuildFile; fileRef = 9A444EAB21E23EC10010E5DF /* Main.storyboard */; };
		9A444EAF21E23EE90010E5DF /* Assets.xcassets in Resources */ = {isa = PBXBuildFile; fileRef = 9A444EAE21E23EE90010E5DF /* Assets.xcassets */; };
		9A444EB221E23EE90010E5DF /* LaunchScreen.storyboard in Resources */ = {isa = PBXBuildFile; fileRef = 9A444EB021E23EE90010E5DF /* LaunchScreen.storyboard */; };
		9A444EBA21E24E580010E5DF /* todoback.jpg in Resources */ = {isa = PBXBuildFile; fileRef = 9A444EB921E24E3D0010E5DF /* todoback.jpg */; };
		9A444EBC21E25B380010E5DF /* todologo.png in Resources */ = {isa = PBXBuildFile; fileRef = 9A444EBB21E25B380010E5DF /* todologo.png */; };
		9AA3179721E382BC00191093 /* SignupVC.swift in Sources */ = {isa = PBXBuildFile; fileRef = 9AA3179621E382BB00191093 /* SignupVC.swift */; };
		9AA3179921E3831100191093 /* MainVC.swift in Sources */ = {isa = PBXBuildFile; fileRef = 9AA3179821E3831100191093 /* MainVC.swift */; };
		9AFFDE7E21E4B1B200C43D6F /* profile.jpg in Resources */ = {isa = PBXBuildFile; fileRef = 9AFFDE7D21E4B1B200C43D6F /* profile.jpg */; };
		9AFFDE8421E4B7B300C43D6F /* edit.png in Resources */ = {isa = PBXBuildFile; fileRef = 9AFFDE8121E4B7B300C43D6F /* edit.png */; };
		9AFFDE8521E4B7B300C43D6F /* logout.gif in Resources */ = {isa = PBXBuildFile; fileRef = 9AFFDE8221E4B7B300C43D6F /* logout.gif */; };
		9AFFDE8721E4CE3D00C43D6F /* logout_318-138806.jpg in Resources */ = {isa = PBXBuildFile; fileRef = 9AFFDE8621E4CE3D00C43D6F /* logout_318-138806.jpg */; };
		9AFFDE8921E4D9BF00C43D6F /* logout.png in Resources */ = {isa = PBXBuildFile; fileRef = 9AFFDE8821E4D9BE00C43D6F /* logout.png */; };
		9AFFDE8B21E4DDAB00C43D6F /* pencil-case.png in Resources */ = {isa = PBXBuildFile; fileRef = 9AFFDE8A21E4DDAB00C43D6F /* pencil-case.png */; };
/* End PBXBuildFile section */

/* Begin PBXFileReference section */
		9A444EA421E23EC00010E5DF /* SimpleToDo.app */ = {isa = PBXFileReference; explicitFileType = wrapper.application; includeInIndex = 0; path = SimpleToDo.app; sourceTree = BUILT_PRODUCTS_DIR; };
		9A444EA721E23EC10010E5DF /* AppDelegate.swift */ = {isa = PBXFileReference; lastKnownFileType = sourcecode.swift; path = AppDelegate.swift; sourceTree = "<group>"; };
		9A444EA921E23EC10010E5DF /* ViewController.swift */ = {isa = PBXFileReference; lastKnownFileType = sourcecode.swift; path = ViewController.swift; sourceTree = "<group>"; };
		9A444EAC21E23EC10010E5DF /* Base */ = {isa = PBXFileReference; lastKnownFileType = file.storyboard; name = Base; path = Base.lproj/Main.storyboard; sourceTree = "<group>"; };
		9A444EAE21E23EE90010E5DF /* Assets.xcassets */ = {isa = PBXFileReference; lastKnownFileType = folder.assetcatalog; path = Assets.xcassets; sourceTree = "<group>"; };
		9A444EB121E23EE90010E5DF /* Base */ = {isa = PBXFileReference; lastKnownFileType = file.storyboard; name = Base; path = Base.lproj/LaunchScreen.storyboard; sourceTree = "<group>"; };
		9A444EB321E23EE90010E5DF /* Info.plist */ = {isa = PBXFileReference; lastKnownFileType = text.plist.xml; path = Info.plist; sourceTree = "<group>"; };
		9A444EB921E24E3D0010E5DF /* todoback.jpg */ = {isa = PBXFileReference; lastKnownFileType = image.jpeg; path = todoback.jpg; sourceTree = "<group>"; };
		9A444EBB21E25B380010E5DF /* todologo.png */ = {isa = PBXFileReference; lastKnownFileType = image.png; path = todologo.png; sourceTree = "<group>"; };
		9AA3179621E382BB00191093 /* SignupVC.swift */ = {isa = PBXFileReference; lastKnownFileType = sourcecode.swift; path = SignupVC.swift; sourceTree = "<group>"; };
		9AA3179821E3831100191093 /* MainVC.swift */ = {isa = PBXFileReference; lastKnownFileType = sourcecode.swift; path = MainVC.swift; sourceTree = "<group>"; };
		9AFFDE7D21E4B1B200C43D6F /* profile.jpg */ = {isa = PBXFileReference; lastKnownFileType = image.jpeg; path = profile.jpg; sourceTree = "<group>"; };
		9AFFDE8121E4B7B300C43D6F /* edit.png */ = {isa = PBXFileReference; lastKnownFileType = image.png; path = edit.png; sourceTree = "<group>"; };
		9AFFDE8221E4B7B300C43D6F /* logout.gif */ = {isa = PBXFileReference; lastKnownFileType = image.gif; path = logout.gif; sourceTree = "<group>"; };
		9AFFDE8621E4CE3D00C43D6F /* logout_318-138806.jpg */ = {isa = PBXFileReference; lastKnownFileType = image.jpeg; path = "logout_318-138806.jpg"; sourceTree = "<group>"; };
		9AFFDE8821E4D9BE00C43D6F /* logout.png */ = {isa = PBXFileReference; lastKnownFileType = image.png; path = logout.png; sourceTree = "<group>"; };
		9AFFDE8A21E4DDAB00C43D6F /* pencil-case.png */ = {isa = PBXFileReference; lastKnownFileType = image.png; path = "pencil-case.png"; sourceTree = "<group>"; };
/* End PBXFileReference section */

/* Begin PBXFrameworksBuildPhase section */
		9A444EA121E23EBE0010E5DF /* Frameworks */ = {
			isa = PBXFrameworksBuildPhase;
			buildActionMask = 2147483647;
			files = (
			);
			runOnlyForDeploymentPostprocessing = 0;
		};
/* End PBXFrameworksBuildPhase section */

/* Begin PBXGroup section */
		9A444E9B21E23EBD0010E5DF = {
			isa = PBXGroup;
			children = (
				9A444EA621E23EC00010E5DF /* SimpleToDo */,
				9A444EA521E23EC00010E5DF /* Products */,
			);
			sourceTree = "<group>";
		};
		9A444EA521E23EC00010E5DF /* Products */ = {
			isa = PBXGroup;
			children = (
				9A444EA421E23EC00010E5DF /* SimpleToDo.app */,
			);
			name = Products;
			sourceTree = "<group>";
		};
		9A444EA621E23EC00010E5DF /* SimpleToDo */ = {
			isa = PBXGroup;
			children = (
				9AFFDE7F21E4B76A00C43D6F /* images */,
				9A444EA721E23EC10010E5DF /* AppDelegate.swift */,
				9AA3179621E382BB00191093 /* SignupVC.swift */,
				9AA3179821E3831100191093 /* MainVC.swift */,
				9A444EA921E23EC10010E5DF /* ViewController.swift */,
				9A444EAB21E23EC10010E5DF /* Main.storyboard */,
				9A444EAE21E23EE90010E5DF /* Assets.xcassets */,
				9A444EB021E23EE90010E5DF /* LaunchScreen.storyboard */,
				9A444EB321E23EE90010E5DF /* Info.plist */,
			);
			path = SimpleToDo;
			sourceTree = "<group>";
		};
		9AFFDE7F21E4B76A00C43D6F /* images */ = {
			isa = PBXGroup;
			children = (
				9AFFDE8A21E4DDAB00C43D6F /* pencil-case.png */,
				9AFFDE8821E4D9BE00C43D6F /* logout.png */,
				9AFFDE8621E4CE3D00C43D6F /* logout_318-138806.jpg */,
				9AFFDE8121E4B7B300C43D6F /* edit.png */,
				9AFFDE8221E4B7B300C43D6F /* logout.gif */,
				9A444EBB21E25B380010E5DF /* todologo.png */,
				9AFFDE7D21E4B1B200C43D6F /* profile.jpg */,
				9A444EB921E24E3D0010E5DF /* todoback.jpg */,
			);
			name = images;
			path = "New Group";
			sourceTree = "<group>";
		};
/* End PBXGroup section */

/* Begin PBXNativeTarget section */
		9A444EA321E23EBE0010E5DF /* SimpleToDo */ = {
			isa = PBXNativeTarget;
			buildConfigurationList = 9A444EB621E23EE90010E5DF /* Build configuration list for PBXNativeTarget "SimpleToDo" */;
			buildPhases = (
				9A444EA021E23EBE0010E5DF /* Sources */,
				9A444EA121E23EBE0010E5DF /* Frameworks */,
				9A444EA221E23EBE0010E5DF /* Resources */,
			);
			buildRules = (
			);
			dependencies = (
			);
			name = SimpleToDo;
			productName = SimpleToDo;
			productReference = 9A444EA421E23EC00010E5DF /* SimpleToDo.app */;
			productType = "com.apple.product-type.application";
		};
/* End PBXNativeTarget section */

/* Begin PBXProject section */
		9A444E9C21E23EBD0010E5DF /* Project object */ = {
			isa = PBXProject;
			attributes = {
				LastSwiftUpdateCheck = 1010;
				LastUpgradeCheck = 1010;
				ORGANIZATIONNAME = M.Rehan;
				TargetAttributes = {
					9A444EA321E23EBE0010E5DF = {
						CreatedOnToolsVersion = 10.1;
					};
				};
			};
			buildConfigurationList = 9A444E9F21E23EBD0010E5DF /* Build configuration list for PBXProject "SimpleToDo" */;
			compatibilityVersion = "Xcode 9.3";
			developmentRegion = en;
			hasScannedForEncodings = 0;
			knownRegions = (
				en,
				Base,
			);
			mainGroup = 9A444E9B21E23EBD0010E5DF;
			productRefGroup = 9A444EA521E23EC00010E5DF /* Products */;
			projectDirPath = "";
			projectRoot = "";
			targets = (
				9A444EA321E23EBE0010E5DF /* SimpleToDo */,
			);
		};
/* End PBXProject section */

/* Begin PBXResourcesBuildPhase section */
		9A444EA221E23EBE0010E5DF /* Resources */ = {
			isa = PBXResourcesBuildPhase;
			buildActionMask = 2147483647;
			files = (
				9A444EB221E23EE90010E5DF /* LaunchScreen.storyboard in Resources */,
				9AFFDE8421E4B7B300C43D6F /* edit.png in Resources */,
				9AFFDE8B21E4DDAB00C43D6F /* pencil-case.png in Resources */,
				9AFFDE7E21E4B1B200C43D6F /* profile.jpg in Resources */,
				9A444EAF21E23EE90010E5DF /* Assets.xcassets in Resources */,
				9A444EBA21E24E580010E5DF /* todoback.jpg in Resources */,
				9AFFDE8721E4CE3D00C43D6F /* logout_318-138806.jpg in Resources */,
				9AFFDE8921E4D9BF00C43D6F /* logout.png in Resources */,
				9A444EAD21E23EC10010E5DF /* Main.storyboard in Resources */,
				9AFFDE8521E4B7B300C43D6F /* logout.gif in Resources */,
				9A444EBC21E25B380010E5DF /* todologo.png in Resources */,
			);
			runOnlyForDeploymentPostprocessing = 0;
		};
/* End PBXResourcesBuildPhase section */

/* Begin PBXSourcesBuildPhase section */
		9A444EA021E23EBE0010E5DF /* Sources */ = {
			isa = PBXSourcesBuildPhase;
			buildActionMask = 2147483647;
			files = (
				9AA3179721E382BC00191093 /* SignupVC.swift in Sources */,
				9AA3179921E3831100191093 /* MainVC.swift in Sources */,
				9A444EAA21E23EC10010E5DF /* ViewController.swift in Sources */,
				9A444EA821E23EC10010E5DF /* AppDelegate.swift in Sources */,
			);
			runOnlyForDeploymentPostprocessing = 0;
		};
/* End PBXSourcesBuildPhase section */

/* Begin PBXVariantGroup section */
		9A444EAB21E23EC10010E5DF /* Main.storyboard */ = {
			isa = PBXVariantGroup;
			children = (
				9A444EAC21E23EC10010E5DF /* Base */,
			);
			name = Main.storyboard;
			sourceTree = "<group>";
		};
		9A444EB021E23EE90010E5DF /* LaunchScreen.storyboard */ = {
			isa = PBXVariantGroup;
			children = (
				9A444EB121E23EE90010E5DF /* Base */,
			);
			name = LaunchScreen.storyboard;
			sourceTree = "<group>";
		};
/* End PBXVariantGroup section */

/* Begin XCBuildConfiguration section */
		9A444EB421E23EE90010E5DF /* Debug */ = {
			isa = XCBuildConfiguration;
			buildSettings = {
				ALWAYS_SEARCH_USER_PATHS = NO;
				CLANG_ANALYZER_NONNULL = YES;
				CLANG_ANALYZER_NUMBER_OBJECT_CONVERSION = YES_AGGRESSIVE;
				CLANG_CXX_LANGUAGE_STANDARD = "gnu++14";
				CLANG_CXX_LIBRARY = "libc++";
				CLANG_ENABLE_MODULES = YES;
				CLANG_ENABLE_OBJC_ARC = YES;
				CLANG_ENABLE_OBJC_WEAK = YES;
				CLANG_WARN_BLOCK_CAPTURE_AUTORELEASING = YES;
				CLANG_WARN_BOOL_CONVERSION = YES;
				CLANG_WARN_COMMA = YES;
				CLANG_WARN_CONSTANT_CONVERSION = YES;
				CLANG_WARN_DEPRECATED_OBJC_IMPLEMENTATIONS = YES;
				CLANG_WARN_DIRECT_OBJC_ISA_USAGE = YES_ERROR;
				CLANG_WARN_DOCUMENTATION_COMMENTS = YES;
				CLANG_WARN_EMPTY_BODY = YES;
				CLANG_WARN_ENUM_CONVERSION = YES;
				CLANG_WARN_INFINITE_RECURSION = YES;
				CLANG_WARN_INT_CONVERSION = YES;
				CLANG_WARN_NON_LITERAL_NULL_CONVERSION = YES;
				CLANG_WARN_OBJC_IMPLICIT_RETAIN_SELF = YES;
				CLANG_WARN_OBJC_LITERAL_CONVERSION = YES;
				CLANG_WARN_OBJC_ROOT_CLASS = YES_ERROR;
				CLANG_WARN_RANGE_LOOP_ANALYSIS = YES;
				CLANG_WARN_STRICT_PROTOTYPES = YES;
				CLANG_WARN_SUSPICIOUS_MOVE = YES;
				CLANG_WARN_UNGUARDED_AVAILABILITY = YES_AGGRESSIVE;
				CLANG_WARN_UNREACHABLE_CODE = YES;
				CLANG_WARN__DUPLICATE_METHOD_MATCH = YES;
				CODE_SIGN_IDENTITY = "iPhone Developer";
				COPY_PHASE_STRIP = NO;
				DEBUG_INFORMATION_FORMAT = dwarf;
				ENABLE_STRICT_OBJC_MSGSEND = YES;
				ENABLE_TESTABILITY = YES;
				GCC_C_LANGUAGE_STANDARD = gnu11;
				GCC_DYNAMIC_NO_PIC = NO;
				GCC_NO_COMMON_BLOCKS = YES;
				GCC_OPTIMIZATION_LEVEL = 0;
				GCC_PREPROCESSOR_DEFINITIONS = (
					"DEBUG=1",
					"$(inherited)",
				);
				GCC_WARN_64_TO_32_BIT_CONVERSION = YES;
				GCC_WARN_ABOUT_RETURN_TYPE = YES_ERROR;
				GCC_WARN_UNDECLARED_SELECTOR = YES;
				GCC_WARN_UNINITIALIZED_AUTOS = YES_AGGRESSIVE;
				GCC_WARN_UNUSED_FUNCTION = YES;
				GCC_WARN_UNUSED_VARIABLE = YES;
				IPHONEOS_DEPLOYMENT_TARGET = 12.1;
				MTL_ENABLE_DEBUG_INFO = INCLUDE_SOURCE;
				MTL_FAST_MATH = YES;
				ONLY_ACTIVE_ARCH = YES;
				SDKROOT = iphoneos;
				SWIFT_ACTIVE_COMPILATION_CONDITIONS = DEBUG;
				SWIFT_OPTIMIZATION_LEVEL = "-Onone";
			};
			name = Debug;
		};
		9A444EB521E23EE90010E5DF /* Release */ = {
			isa = XCBuildConfiguration;
			buildSettings = {
				ALWAYS_SEARCH_USER_PATHS = NO;
				CLANG_ANALYZER_NONNULL = YES;
				CLANG_ANALYZER_NUMBER_OBJECT_CONVERSION = YES_AGGRESSIVE;
				CLANG_CXX_LANGUAGE_STANDARD = "gnu++14";
				CLANG_CXX_LIBRARY = "libc++";
				CLANG_ENABLE_MODULES = YES;
				CLANG_ENABLE_OBJC_ARC = YES;
				CLANG_ENABLE_OBJC_WEAK = YES;
				CLANG_WARN_BLOCK_CAPTURE_AUTORELEASING = YES;
				CLANG_WARN_BOOL_CONVERSION = YES;
				CLANG_WARN_COMMA = YES;
				CLANG_WARN_CONSTANT_CONVERSION = YES;
				CLANG_WARN_DEPRECATED_OBJC_IMPLEMENTATIONS = YES;
				CLANG_WARN_DIRECT_OBJC_ISA_USAGE = YES_ERROR;
				CLANG_WARN_DOCUMENTATION_COMMENTS = YES;
				CLANG_WARN_EMPTY_BODY = YES;
				CLANG_WARN_ENUM_CONVERSION = YES;
				CLANG_WARN_INFINITE_RECURSION = YES;
				CLANG_WARN_INT_CONVERSION = YES;
				CLANG_WARN_NON_LITERAL_NULL_CONVERSION = YES;
				CLANG_WARN_OBJC_IMPLICIT_RETAIN_SELF = YES;
				CLANG_WARN_OBJC_LITERAL_CONVERSION = YES;
				CLANG_WARN_OBJC_ROOT_CLASS = YES_ERROR;
				CLANG_WARN_RANGE_LOOP_ANALYSIS = YES;
				CLANG_WARN_STRICT_PROTOTYPES = YES;
				CLANG_WARN_SUSPICIOUS_MOVE = YES;
				CLANG_WARN_UNGUARDED_AVAILABILITY = YES_AGGRESSIVE;
				CLANG_WARN_UNREACHABLE_CODE = YES;
				CLANG_WARN__DUPLICATE_METHOD_MATCH = YES;
				CODE_SIGN_IDENTITY = "iPhone Developer";
				COPY_PHASE_STRIP = NO;
				DEBUG_INFORMATION_FORMAT = "dwarf-with-dsym";
				ENABLE_NS_ASSERTIONS = NO;
				ENABLE_STRICT_OBJC_MSGSEND = YES;
				GCC_C_LANGUAGE_STANDARD = gnu11;
				GCC_NO_COMMON_BLOCKS = YES;
				GCC_WARN_64_TO_32_BIT_CONVERSION = YES;
				GCC_WARN_ABOUT_RETURN_TYPE = YES_ERROR;
				GCC_WARN_UNDECLARED_SELECTOR = YES;
				GCC_WARN_UNINITIALIZED_AUTOS = YES_AGGRESSIVE;
				GCC_WARN_UNUSED_FUNCTION = YES;
				GCC_WARN_UNUSED_VARIABLE = YES;
				IPHONEOS_DEPLOYMENT_TARGET = 12.1;
				MTL_ENABLE_DEBUG_INFO = NO;
				MTL_FAST_MATH = YES;
				SDKROOT = iphoneos;
				SWIFT_COMPILATION_MODE = wholemodule;
				SWIFT_OPTIMIZATION_LEVEL = "-O";
				VALIDATE_PRODUCT = YES;
			};
			name = Release;
		};
		9A444EB721E23EE90010E5DF /* Debug */ = {
			isa = XCBuildConfiguration;
			buildSettings = {
				ASSETCATALOG_COMPILER_APPICON_NAME = AppIcon;
				CODE_SIGN_STYLE = Automatic;
				DEVELOPMENT_TEAM = 3B7FASUTN7;
				INFOPLIST_FILE = SimpleToDo/Info.plist;
				IPHONEOS_DEPLOYMENT_TARGET = 11.0;
				LD_RUNPATH_SEARCH_PATHS = (
					"$(inherited)",
					"@executable_path/Frameworks",
				);
				PRODUCT_BUNDLE_IDENTIFIER = com.mrehanme.SimpleToDo;
				PRODUCT_NAME = "$(TARGET_NAME)";
				SWIFT_VERSION = 4.2;
				TARGETED_DEVICE_FAMILY = 1;
			};
			name = Debug;
		};
		9A444EB821E23EE90010E5DF /* Release */ = {
			isa = XCBuildConfiguration;
			buildSettings = {
				ASSETCATALOG_COMPILER_APPICON_NAME = AppIcon;
				CODE_SIGN_STYLE = Automatic;
				DEVELOPMENT_TEAM = 3B7FASUTN7;
				INFOPLIST_FILE = SimpleToDo/Info.plist;
				IPHONEOS_DEPLOYMENT_TARGET = 11.0;
				LD_RUNPATH_SEARCH_PATHS = (
					"$(inherited)",
					"@executable_path/Frameworks",
				);
				PRODUCT_BUNDLE_IDENTIFIER = com.mrehanme.SimpleToDo;
				PRODUCT_NAME = "$(TARGET_NAME)";
				SWIFT_VERSION = 4.2;
				TARGETED_DEVICE_FAMILY = 1;
			};
			name = Release;
		};
/* End XCBuildConfiguration section */

/* Begin XCConfigurationList section */
		9A444E9F21E23EBD0010E5DF /* Build configuration list for PBXProject "SimpleToDo" */ = {
			isa = XCConfigurationList;
			buildConfigurations = (
				9A444EB421E23EE90010E5DF /* Debug */,
				9A444EB521E23EE90010E5DF /* Release */,
			);
			defaultConfigurationIsVisible = 0;
			defaultConfigurationName = Release;
		};
		9A444EB621E23EE90010E5DF /* Build configuration list for PBXNativeTarget "SimpleToDo" */ = {
			isa = XCConfigurationList;
			buildConfigurations = (
				9A444EB721E23EE90010E5DF /* Debug */,
				9A444EB821E23EE90010E5DF /* Release */,
			);
			defaultConfigurationIsVisible = 0;
			defaultConfigurationName = Release;
		};
/* End XCConfigurationList section */
	};
	rootObject = 9A444E9C21E23EBD0010E5DF /* Project object */;
}
